
Microsoft Visual Studio Solution File, Format Version 12.00
# Visual Studio 15
VisualStudioVersion = 15.0.28307.757
MinimumVisualStudioVersion = 10.0.40219.1
Project("{FAE04EC0-301F-11D3-BF4B-00C04F79EFBC}") = "webserver", "webserver\webserver.csproj", "{31EAA80D-5EC2-45FB-9DEE-E0C705F40AAD}"
EndProject
Global
	GlobalSection(SolutionConfigurationPlatforms) = preSolution
		Debug|Any CPU = Debug|Any CPU
		Release|Any CPU = Release|Any CPU
	EndGlobalSection
	GlobalSection(ProjectConfigurationPlatforms) = postSolution
		{31EAA80D-5EC2-45FB-9DEE-E0C705F40AAD}.Debug|Any CPU.ActiveCfg = Debug|Any CPU
		{31EAA80D-5EC2-45FB-9DEE-E0C705F40AAD}.Debug|Any CPU.Build.0 = Debug|Any CPU
		{31EAA80D-5EC2-45FB-9DEE-E0C705F40AAD}.Release|Any CPU.ActiveCfg = Release|Any CPU
		{31EAA80D-5EC2-45FB-9DEE-E0C705F40AAD}.Release|Any CPU.Build.0 = Release|Any CPU
	EndGlobalSection
	GlobalSection(SolutionProperties) = preSolution
		HideSolutionNode = FALSE
	EndGlobalSection
	GlobalSection(ExtensibilityGlobals) = postSolution
		SolutionGuid = {7E8D9A46-104D-436D-B598-076D52382B81}
	EndGlobalSection
EndGlobal
